
Microsoft Visual Studio Solution File, Format Version 12.00
# Visual Studio Version 17
VisualStudioVersion = 17.3.32708.82
MinimumVisualStudioVersion = 10.0.40219.1
Project("{FAE04EC0-301F-11D3-BF4B-00C04F79EFBC}") = "ReDpett_API", "ReDpett_API\ReDpett_API.csproj", "{A7161FA6-8F46-44A3-8BF4-27FA583D6415}"
EndProject
Global
	GlobalSection(SolutionConfigurationPlatforms) = preSolution
		Debug|Any CPU = Debug|Any CPU
		Release|Any CPU = Release|Any CPU
	EndGlobalSection
	GlobalSection(ProjectConfigurationPlatforms) = postSolution
		{A7161FA6-8F46-44A3-8BF4-27FA583D6415}.Debug|Any CPU.ActiveCfg = Debug|Any CPU
		{A7161FA6-8F46-44A3-8BF4-27FA583D6415}.Debug|Any CPU.Build.0 = Debug|Any CPU
		{A7161FA6-8F46-44A3-8BF4-27FA583D6415}.Release|Any CPU.ActiveCfg = Release|Any CPU
		{A7161FA6-8F46-44A3-8BF4-27FA583D6415}.Release|Any CPU.Build.0 = Release|Any CPU
	EndGlobalSection
	GlobalSection(SolutionProperties) = preSolution
		HideSolutionNode = FALSE
	EndGlobalSection
	GlobalSection(ExtensibilityGlobals) = postSolution
		SolutionGuid = {92584350-F918-4E51-882C-373CFC74B56D}
	EndGlobalSection
EndGlobal
